
Microsoft Visual Studio Solution File, Format Version 12.00
# Visual Studio Version 16
VisualStudioVersion = 16.0.810.14
MinimumVisualStudioVersion = 10.0.40219.1
Project("{FAE04EC0-301F-11D3-BF4B-00C04F79EFBC}") = "PM2Tarea3P201820110061.Android", "PM2Tarea3P201820110061.Android\PM2Tarea3P201820110061.Android.csproj", "{9A7885D7-D37E-4A29-A7F9-34A8EDE2DAEA}"
EndProject
Project("{FAE04EC0-301F-11D3-BF4B-00C04F79EFBC}") = "PM2Tarea3P201820110061", "PM2Tarea3P201820110061\PM2Tarea3P201820110061.csproj", "{030AB671-2183-4184-9CF7-9B0E071F9A4B}"
EndProject
Global
	GlobalSection(SolutionConfigurationPlatforms) = preSolution
		Debug|Any CPU = Debug|Any CPU
		Release|Any CPU = Release|Any CPU
	EndGlobalSection
	GlobalSection(ProjectConfigurationPlatforms) = postSolution
		{9A7885D7-D37E-4A29-A7F9-34A8EDE2DAEA}.Debug|Any CPU.ActiveCfg = Debug|Any CPU
		{9A7885D7-D37E-4A29-A7F9-34A8EDE2DAEA}.Debug|Any CPU.Build.0 = Debug|Any CPU
		{9A7885D7-D37E-4A29-A7F9-34A8EDE2DAEA}.Release|Any CPU.ActiveCfg = Release|Any CPU
		{9A7885D7-D37E-4A29-A7F9-34A8EDE2DAEA}.Release|Any CPU.Build.0 = Release|Any CPU
		{030AB671-2183-4184-9CF7-9B0E071F9A4B}.Debug|Any CPU.ActiveCfg = Debug|Any CPU
		{030AB671-2183-4184-9CF7-9B0E071F9A4B}.Debug|Any CPU.Build.0 = Debug|Any CPU
		{030AB671-2183-4184-9CF7-9B0E071F9A4B}.Release|Any CPU.ActiveCfg = Release|Any CPU
		{030AB671-2183-4184-9CF7-9B0E071F9A4B}.Release|Any CPU.Build.0 = Release|Any CPU
	EndGlobalSection
	GlobalSection(SolutionProperties) = preSolution
		HideSolutionNode = FALSE
	EndGlobalSection
	GlobalSection(ExtensibilityGlobals) = postSolution
		SolutionGuid = {22657F27-7A12-4785-8C8B-1120849FA1A5}
	EndGlobalSection
EndGlobal
